
Microsoft Visual Studio Solution File, Format Version 12.00
# Visual Studio 15
VisualStudioVersion = 15.0.27428.2043
MinimumVisualStudioVersion = 10.0.40219.1
Project("{9A19103F-16F7-4668-BE54-9A1E7A4F7556}") = "Grocery_Store", "Grocery_Store.csproj", "{0B11058A-D623-4F5D-ADB0-556CBFDE6E1A}"
EndProject
Global
	GlobalSection(SolutionConfigurationPlatforms) = preSolution
		Debug|Any CPU = Debug|Any CPU
		Release|Any CPU = Release|Any CPU
	EndGlobalSection
	GlobalSection(ProjectConfigurationPlatforms) = postSolution
		{0B11058A-D623-4F5D-ADB0-556CBFDE6E1A}.Debug|Any CPU.ActiveCfg = Debug|Any CPU
		{0B11058A-D623-4F5D-ADB0-556CBFDE6E1A}.Debug|Any CPU.Build.0 = Debug|Any CPU
		{0B11058A-D623-4F5D-ADB0-556CBFDE6E1A}.Release|Any CPU.ActiveCfg = Release|Any CPU
		{0B11058A-D623-4F5D-ADB0-556CBFDE6E1A}.Release|Any CPU.Build.0 = Release|Any CPU
	EndGlobalSection
	GlobalSection(SolutionProperties) = preSolution
		HideSolutionNode = FALSE
	EndGlobalSection
	GlobalSection(ExtensibilityGlobals) = postSolution
		SolutionGuid = {7BF8F610-E053-40B9-B789-87517E5F09E4}
	EndGlobalSection
EndGlobal
